
Microsoft Visual Studio Solution File, Format Version 12.00
# Visual Studio Version 17
VisualStudioVersion = 17.4.33213.308
MinimumVisualStudioVersion = 10.0.40219.1
Project("{FAE04EC0-301F-11D3-BF4B-00C04F79EFBC}") = "PhoneBook.Asp.NetCore", "PhoneBook.Asp.NetCore\PhoneBook.Asp.NetCore.csproj", "{B2514BA2-0098-4210-82E2-ACFAA75C59A3}"
EndProject
Global
	GlobalSection(SolutionConfigurationPlatforms) = preSolution
		Debug|Any CPU = Debug|Any CPU
		Release|Any CPU = Release|Any CPU
	EndGlobalSection
	GlobalSection(ProjectConfigurationPlatforms) = postSolution
		{B2514BA2-0098-4210-82E2-ACFAA75C59A3}.Debug|Any CPU.ActiveCfg = Debug|Any CPU
		{B2514BA2-0098-4210-82E2-ACFAA75C59A3}.Debug|Any CPU.Build.0 = Debug|Any CPU
		{B2514BA2-0098-4210-82E2-ACFAA75C59A3}.Release|Any CPU.ActiveCfg = Release|Any CPU
		{B2514BA2-0098-4210-82E2-ACFAA75C59A3}.Release|Any CPU.Build.0 = Release|Any CPU
	EndGlobalSection
	GlobalSection(SolutionProperties) = preSolution
		HideSolutionNode = FALSE
	EndGlobalSection
	GlobalSection(ExtensibilityGlobals) = postSolution
		SolutionGuid = {C93F727E-933B-4CC7-93D6-6A4C0D6C9AD6}
	EndGlobalSection
EndGlobal
